
Microsoft Visual Studio Solution File, Format Version 12.00
Project("{FAE04EC0-301F-11D3-BF4B-00C04F79EFBC}") = "suikut", "suikut\suikut.csproj", "{958DD94C-D9F8-4688-9DAA-D802D1432A03}"
EndProject
Global
	GlobalSection(SolutionConfigurationPlatforms) = preSolution
		Debug|Any CPU = Debug|Any CPU
		Release|Any CPU = Release|Any CPU
	EndGlobalSection
	GlobalSection(ProjectConfigurationPlatforms) = postSolution
		{958DD94C-D9F8-4688-9DAA-D802D1432A03}.Debug|Any CPU.ActiveCfg = Debug|Any CPU
		{958DD94C-D9F8-4688-9DAA-D802D1432A03}.Debug|Any CPU.Build.0 = Debug|Any CPU
		{958DD94C-D9F8-4688-9DAA-D802D1432A03}.Release|Any CPU.ActiveCfg = Release|Any CPU
		{958DD94C-D9F8-4688-9DAA-D802D1432A03}.Release|Any CPU.Build.0 = Release|Any CPU
	EndGlobalSection
EndGlobal
